// !$*UTF8*$!
{
	archiveVersion = 1;
	classes = {
	};
	objectVersion = 56;
	objects = {

/* Begin PBXBuildFile section */
		F44ACB8A28F4143600628CA9 /* AppDelegate.swift in Sources */ = {isa = PBXBuildFile; fileRef = F44ACB8928F4143600628CA9 /* AppDelegate.swift */; };
		F44ACB8C28F4143600628CA9 /* SceneDelegate.swift in Sources */ = {isa = PBXBuildFile; fileRef = F44ACB8B28F4143600628CA9 /* SceneDelegate.swift */; };
		F44ACB8E28F4143600628CA9 /* MainViewController.swift in Sources */ = {isa = PBXBuildFile; fileRef = F44ACB8D28F4143600628CA9 /* MainViewController.swift */; };
		F44ACB9428F4143600628CA9 /* SelfPsychologist.xcdatamodeld in Sources */ = {isa = PBXBuildFile; fileRef = F44ACB9228F4143600628CA9 /* SelfPsychologist.xcdatamodeld */; };
		F44ACB9628F4143700628CA9 /* Assets.xcassets in Resources */ = {isa = PBXBuildFile; fileRef = F44ACB9528F4143700628CA9 /* Assets.xcassets */; };
		F44ACB9928F4143700628CA9 /* LaunchScreen.storyboard in Resources */ = {isa = PBXBuildFile; fileRef = F44ACB9728F4143700628CA9 /* LaunchScreen.storyboard */; };
		F4BB364228FEA02F00350940 /* ToolModel.swift in Sources */ = {isa = PBXBuildFile; fileRef = F4BB364128FEA02F00350940 /* ToolModel.swift */; };
		F4BB364428FEBD1100350940 /* WhatProblemViewController.swift in Sources */ = {isa = PBXBuildFile; fileRef = F4BB364328FEBD1100350940 /* WhatProblemViewController.swift */; };
		F4FF83C228F41B580024B751 /* MainCell.swift in Sources */ = {isa = PBXBuildFile; fileRef = F4FF83C128F41B580024B751 /* MainCell.swift */; };
/* End PBXBuildFile section */

/* Begin PBXFileReference section */
		F44ACB8628F4143600628CA9 /* SelfPsychologist.app */ = {isa = PBXFileReference; explicitFileType = wrapper.application; includeInIndex = 0; path = SelfPsychologist.app; sourceTree = BUILT_PRODUCTS_DIR; };
		F44ACB8928F4143600628CA9 /* AppDelegate.swift */ = {isa = PBXFileReference; lastKnownFileType = sourcecode.swift; path = AppDelegate.swift; sourceTree = "<group>"; };
		F44ACB8B28F4143600628CA9 /* SceneDelegate.swift */ = {isa = PBXFileReference; lastKnownFileType = sourcecode.swift; path = SceneDelegate.swift; sourceTree = "<group>"; };
		F44ACB8D28F4143600628CA9 /* MainViewController.swift */ = {isa = PBXFileReference; lastKnownFileType = sourcecode.swift; path = MainViewController.swift; sourceTree = "<group>"; };
		F44ACB9328F4143600628CA9 /* SelfPsychologist.xcdatamodel */ = {isa = PBXFileReference; lastKnownFileType = wrapper.xcdatamodel; path = SelfPsychologist.xcdatamodel; sourceTree = "<group>"; };
		F44ACB9528F4143700628CA9 /* Assets.xcassets */ = {isa = PBXFileReference; lastKnownFileType = folder.assetcatalog; path = Assets.xcassets; sourceTree = "<group>"; };
		F44ACB9828F4143700628CA9 /* Base */ = {isa = PBXFileReference; lastKnownFileType = file.storyboard; name = Base; path = Base.lproj/LaunchScreen.storyboard; sourceTree = "<group>"; };
		F44ACB9A28F4143700628CA9 /* Info.plist */ = {isa = PBXFileReference; lastKnownFileType = text.plist.xml; path = Info.plist; sourceTree = "<group>"; };
		F4BB364128FEA02F00350940 /* ToolModel.swift */ = {isa = PBXFileReference; lastKnownFileType = sourcecode.swift; path = ToolModel.swift; sourceTree = "<group>"; };
		F4BB364328FEBD1100350940 /* WhatProblemViewController.swift */ = {isa = PBXFileReference; lastKnownFileType = sourcecode.swift; path = WhatProblemViewController.swift; sourceTree = "<group>"; };
		F4FF83C128F41B580024B751 /* MainCell.swift */ = {isa = PBXFileReference; lastKnownFileType = sourcecode.swift; path = MainCell.swift; sourceTree = "<group>"; };
/* End PBXFileReference section */

/* Begin PBXFrameworksBuildPhase section */
		F44ACB8328F4143600628CA9 /* Frameworks */ = {
			isa = PBXFrameworksBuildPhase;
			buildActionMask = 2147483647;
			files = (
			);
			runOnlyForDeploymentPostprocessing = 0;
		};
/* End PBXFrameworksBuildPhase section */

/* Begin PBXGroup section */
		F44ACB7D28F4143600628CA9 = {
			isa = PBXGroup;
			children = (
				F44ACB8828F4143600628CA9 /* SelfPsychologist */,
				F44ACB8728F4143600628CA9 /* Products */,
			);
			sourceTree = "<group>";
		};
		F44ACB8728F4143600628CA9 /* Products */ = {
			isa = PBXGroup;
			children = (
				F44ACB8628F4143600628CA9 /* SelfPsychologist.app */,
			);
			name = Products;
			sourceTree = "<group>";
		};
		F44ACB8828F4143600628CA9 /* SelfPsychologist */ = {
			isa = PBXGroup;
			children = (
				F4BB364628FEBDEA00350940 /* ViewControllers */,
				F4BB364728FEBDF700350940 /* Models */,
				F4BB364A28FEBE2800350940 /* Resources */,
				F4BB364828FEBE0500350940 /* Storyboards */,
				F4BB364528FEBD2500350940 /* App */,
			);
			path = SelfPsychologist;
			sourceTree = "<group>";
		};
		F4BB364528FEBD2500350940 /* App */ = {
			isa = PBXGroup;
			children = (
				F44ACB8928F4143600628CA9 /* AppDelegate.swift */,
				F44ACB8B28F4143600628CA9 /* SceneDelegate.swift */,
				F44ACB9A28F4143700628CA9 /* Info.plist */,
			);
			path = App;
			sourceTree = "<group>";
		};
		F4BB364628FEBDEA00350940 /* ViewControllers */ = {
			isa = PBXGroup;
			children = (
				F4BB364928FEBE1800350940 /* Cells */,
				F44ACB8D28F4143600628CA9 /* MainViewController.swift */,
				F4BB364328FEBD1100350940 /* WhatProblemViewController.swift */,
			);
			path = ViewControllers;
			sourceTree = "<group>";
		};
		F4BB364728FEBDF700350940 /* Models */ = {
			isa = PBXGroup;
			children = (
				F44ACB9228F4143600628CA9 /* SelfPsychologist.xcdatamodeld */,
				F4BB364128FEA02F00350940 /* ToolModel.swift */,
			);
			path = Models;
			sourceTree = "<group>";
		};
		F4BB364828FEBE0500350940 /* Storyboards */ = {
			isa = PBXGroup;
			children = (
				F44ACB9728F4143700628CA9 /* LaunchScreen.storyboard */,
			);
			path = Storyboards;
			sourceTree = "<group>";
		};
		F4BB364928FEBE1800350940 /* Cells */ = {
			isa = PBXGroup;
			children = (
				F4FF83C128F41B580024B751 /* MainCell.swift */,
			);
			path = Cells;
			sourceTree = "<group>";
		};
		F4BB364A28FEBE2800350940 /* Resources */ = {
			isa = PBXGroup;
			children = (
				F44ACB9528F4143700628CA9 /* Assets.xcassets */,
			);
			path = Resources;
			sourceTree = "<group>";
		};
/* End PBXGroup section */

/* Begin PBXNativeTarget section */
		F44ACB8528F4143600628CA9 /* SelfPsychologist */ = {
			isa = PBXNativeTarget;
			buildConfigurationList = F44ACB9D28F4143700628CA9 /* Build configuration list for PBXNativeTarget "SelfPsychologist" */;
			buildPhases = (
				F44ACB8228F4143600628CA9 /* Sources */,
				F44ACB8328F4143600628CA9 /* Frameworks */,
				F44ACB8428F4143600628CA9 /* Resources */,
			);
			buildRules = (
			);
			dependencies = (
			);
			name = SelfPsychologist;
			productName = SelfPsychologist;
			productReference = F44ACB8628F4143600628CA9 /* SelfPsychologist.app */;
			productType = "com.apple.product-type.application";
		};
/* End PBXNativeTarget section */

/* Begin PBXProject section */
		F44ACB7E28F4143600628CA9 /* Project object */ = {
			isa = PBXProject;
			attributes = {
				BuildIndependentTargetsInParallel = 1;
				LastSwiftUpdateCheck = 1400;
				LastUpgradeCheck = 1400;
				TargetAttributes = {
					F44ACB8528F4143600628CA9 = {
						CreatedOnToolsVersion = 14.0.1;
					};
				};
			};
			buildConfigurationList = F44ACB8128F4143600628CA9 /* Build configuration list for PBXProject "SelfPsychologist" */;
			compatibilityVersion = "Xcode 14.0";
			developmentRegion = en;
			hasScannedForEncodings = 0;
			knownRegions = (
				en,
				Base,
			);
			mainGroup = F44ACB7D28F4143600628CA9;
			productRefGroup = F44ACB8728F4143600628CA9 /* Products */;
			projectDirPath = "";
			projectRoot = "";
			targets = (
				F44ACB8528F4143600628CA9 /* SelfPsychologist */,
			);
		};
/* End PBXProject section */

/* Begin PBXResourcesBuildPhase section */
		F44ACB8428F4143600628CA9 /* Resources */ = {
			isa = PBXResourcesBuildPhase;
			buildActionMask = 2147483647;
			files = (
				F44ACB9928F4143700628CA9 /* LaunchScreen.storyboard in Resources */,
				F44ACB9628F4143700628CA9 /* Assets.xcassets in Resources */,
			);
			runOnlyForDeploymentPostprocessing = 0;
		};
/* End PBXResourcesBuildPhase section */

/* Begin PBXSourcesBuildPhase section */
		F44ACB8228F4143600628CA9 /* Sources */ = {
			isa = PBXSourcesBuildPhase;
			buildActionMask = 2147483647;
			files = (
				F44ACB8E28F4143600628CA9 /* MainViewController.swift in Sources */,
				F44ACB8A28F4143600628CA9 /* AppDelegate.swift in Sources */,
				F44ACB8C28F4143600628CA9 /* SceneDelegate.swift in Sources */,
				F44ACB9428F4143600628CA9 /* SelfPsychologist.xcdatamodeld in Sources */,
				F4BB364428FEBD1100350940 /* WhatProblemViewController.swift in Sources */,
				F4FF83C228F41B580024B751 /* MainCell.swift in Sources */,
				F4BB364228FEA02F00350940 /* ToolModel.swift in Sources */,
			);
			runOnlyForDeploymentPostprocessing = 0;
		};
/* End PBXSourcesBuildPhase section */

/* Begin PBXVariantGroup section */
		F44ACB9728F4143700628CA9 /* LaunchScreen.storyboard */ = {
			isa = PBXVariantGroup;
			children = (
				F44ACB9828F4143700628CA9 /* Base */,
			);
			name = LaunchScreen.storyboard;
			sourceTree = "<group>";
		};
/* End PBXVariantGroup section */

/* Begin XCBuildConfiguration section */
		F44ACB9B28F4143700628CA9 /* Debug */ = {
			isa = XCBuildConfiguration;
			buildSettings = {
				ALWAYS_SEARCH_USER_PATHS = NO;
				CLANG_ANALYZER_NONNULL = YES;
				CLANG_ANALYZER_NUMBER_OBJECT_CONVERSION = YES_AGGRESSIVE;
				CLANG_CXX_LANGUAGE_STANDARD = "gnu++20";
				CLANG_ENABLE_MODULES = YES;
				CLANG_ENABLE_OBJC_ARC = YES;
				CLANG_ENABLE_OBJC_WEAK = YES;
				CLANG_WARN_BLOCK_CAPTURE_AUTORELEASING = YES;
				CLANG_WARN_BOOL_CONVERSION = YES;
				CLANG_WARN_COMMA = YES;
				CLANG_WARN_CONSTANT_CONVERSION = YES;
				CLANG_WARN_DEPRECATED_OBJC_IMPLEMENTATIONS = YES;
				CLANG_WARN_DIRECT_OBJC_ISA_USAGE = YES_ERROR;
				CLANG_WARN_DOCUMENTATION_COMMENTS = YES;
				CLANG_WARN_EMPTY_BODY = YES;
				CLANG_WARN_ENUM_CONVERSION = YES;
				CLANG_WARN_INFINITE_RECURSION = YES;
				CLANG_WARN_INT_CONVERSION = YES;
				CLANG_WARN_NON_LITERAL_NULL_CONVERSION = YES;
				CLANG_WARN_OBJC_IMPLICIT_RETAIN_SELF = YES;
				CLANG_WARN_OBJC_LITERAL_CONVERSION = YES;
				CLANG_WARN_OBJC_ROOT_CLASS = YES_ERROR;
				CLANG_WARN_QUOTED_INCLUDE_IN_FRAMEWORK_HEADER = YES;
				CLANG_WARN_RANGE_LOOP_ANALYSIS = YES;
				CLANG_WARN_STRICT_PROTOTYPES = YES;
				CLANG_WARN_SUSPICIOUS_MOVE = YES;
				CLANG_WARN_UNGUARDED_AVAILABILITY = YES_AGGRESSIVE;
				CLANG_WARN_UNREACHABLE_CODE = YES;
				CLANG_WARN__DUPLICATE_METHOD_MATCH = YES;
				COPY_PHASE_STRIP = NO;
				DEBUG_INFORMATION_FORMAT = dwarf;
				ENABLE_STRICT_OBJC_MSGSEND = YES;
				ENABLE_TESTABILITY = YES;
				GCC_C_LANGUAGE_STANDARD = gnu11;
				GCC_DYNAMIC_NO_PIC = NO;
				GCC_NO_COMMON_BLOCKS = YES;
				GCC_OPTIMIZATION_LEVEL = 0;
				GCC_PREPROCESSOR_DEFINITIONS = (
					"DEBUG=1",
					"$(inherited)",
				);
				GCC_WARN_64_TO_32_BIT_CONVERSION = YES;
				GCC_WARN_ABOUT_RETURN_TYPE = YES_ERROR;
				GCC_WARN_UNDECLARED_SELECTOR = YES;
				GCC_WARN_UNINITIALIZED_AUTOS = YES_AGGRESSIVE;
				GCC_WARN_UNUSED_FUNCTION = YES;
				GCC_WARN_UNUSED_VARIABLE = YES;
				IPHONEOS_DEPLOYMENT_TARGET = 16.0;
				MTL_ENABLE_DEBUG_INFO = INCLUDE_SOURCE;
				MTL_FAST_MATH = YES;
				ONLY_ACTIVE_ARCH = YES;
				SDKROOT = iphoneos;
				SWIFT_ACTIVE_COMPILATION_CONDITIONS = DEBUG;
				SWIFT_OPTIMIZATION_LEVEL = "-Onone";
			};
			name = Debug;
		};
		F44ACB9C28F4143700628CA9 /* Release */ = {
			isa = XCBuildConfiguration;
			buildSettings = {
				ALWAYS_SEARCH_USER_PATHS = NO;
				CLANG_ANALYZER_NONNULL = YES;
				CLANG_ANALYZER_NUMBER_OBJECT_CONVERSION = YES_AGGRESSIVE;
				CLANG_CXX_LANGUAGE_STANDARD = "gnu++20";
				CLANG_ENABLE_MODULES = YES;
				CLANG_ENABLE_OBJC_ARC = YES;
				CLANG_ENABLE_OBJC_WEAK = YES;
				CLANG_WARN_BLOCK_CAPTURE_AUTORELEASING = YES;
				CLANG_WARN_BOOL_CONVERSION = YES;
				CLANG_WARN_COMMA = YES;
				CLANG_WARN_CONSTANT_CONVERSION = YES;
				CLANG_WARN_DEPRECATED_OBJC_IMPLEMENTATIONS = YES;
				CLANG_WARN_DIRECT_OBJC_ISA_USAGE = YES_ERROR;
				CLANG_WARN_DOCUMENTATION_COMMENTS = YES;
				CLANG_WARN_EMPTY_BODY = YES;
				CLANG_WARN_ENUM_CONVERSION = YES;
				CLANG_WARN_INFINITE_RECURSION = YES;
				CLANG_WARN_INT_CONVERSION = YES;
				CLANG_WARN_NON_LITERAL_NULL_CONVERSION = YES;
				CLANG_WARN_OBJC_IMPLICIT_RETAIN_SELF = YES;
				CLANG_WARN_OBJC_LITERAL_CONVERSION = YES;
				CLANG_WARN_OBJC_ROOT_CLASS = YES_ERROR;
				CLANG_WARN_QUOTED_INCLUDE_IN_FRAMEWORK_HEADER = YES;
				CLANG_WARN_RANGE_LOOP_ANALYSIS = YES;
				CLANG_WARN_STRICT_PROTOTYPES = YES;
				CLANG_WARN_SUSPICIOUS_MOVE = YES;
				CLANG_WARN_UNGUARDED_AVAILABILITY = YES_AGGRESSIVE;
				CLANG_WARN_UNREACHABLE_CODE = YES;
				CLANG_WARN__DUPLICATE_METHOD_MATCH = YES;
				COPY_PHASE_STRIP = NO;
				DEBUG_INFORMATION_FORMAT = "dwarf-with-dsym";
				ENABLE_NS_ASSERTIONS = NO;
				ENABLE_STRICT_OBJC_MSGSEND = YES;
				GCC_C_LANGUAGE_STANDARD = gnu11;
				GCC_NO_COMMON_BLOCKS = YES;
				GCC_WARN_64_TO_32_BIT_CONVERSION = YES;
				GCC_WARN_ABOUT_RETURN_TYPE = YES_ERROR;
				GCC_WARN_UNDECLARED_SELECTOR = YES;
				GCC_WARN_UNINITIALIZED_AUTOS = YES_AGGRESSIVE;
				GCC_WARN_UNUSED_FUNCTION = YES;
				GCC_WARN_UNUSED_VARIABLE = YES;
				IPHONEOS_DEPLOYMENT_TARGET = 16.0;
				MTL_ENABLE_DEBUG_INFO = NO;
				MTL_FAST_MATH = YES;
				SDKROOT = iphoneos;
				SWIFT_COMPILATION_MODE = wholemodule;
				SWIFT_OPTIMIZATION_LEVEL = "-O";
				VALIDATE_PRODUCT = YES;
			};
			name = Release;
		};
		F44ACB9E28F4143700628CA9 /* Debug */ = {
			isa = XCBuildConfiguration;
			buildSettings = {
				ASSETCATALOG_COMPILER_APPICON_NAME = AppIcon;
				ASSETCATALOG_COMPILER_GLOBAL_ACCENT_COLOR_NAME = AccentColor;
				CODE_SIGN_STYLE = Automatic;
				CURRENT_PROJECT_VERSION = 1;
				DEVELOPMENT_TEAM = 5QX49B9H53;
				GENERATE_INFOPLIST_FILE = YES;
				INFOPLIST_FILE = SelfPsychologist/App/Info.plist;
				INFOPLIST_KEY_UIApplicationSupportsIndirectInputEvents = YES;
				INFOPLIST_KEY_UILaunchStoryboardName = LaunchScreen;
				INFOPLIST_KEY_UISupportedInterfaceOrientations_iPad = "UIInterfaceOrientationPortrait UIInterfaceOrientationPortraitUpsideDown UIInterfaceOrientationLandscapeLeft UIInterfaceOrientationLandscapeRight";
				INFOPLIST_KEY_UISupportedInterfaceOrientations_iPhone = "UIInterfaceOrientationPortrait UIInterfaceOrientationLandscapeLeft UIInterfaceOrientationLandscapeRight";
				LD_RUNPATH_SEARCH_PATHS = (
					"$(inherited)",
					"@executable_path/Frameworks",
				);
				MARKETING_VERSION = 1.0;
				PRODUCT_BUNDLE_IDENTIFIER = com.durovCompany.SelfPsychologist;
				PRODUCT_NAME = "$(TARGET_NAME)";
				SWIFT_EMIT_LOC_STRINGS = YES;
				SWIFT_VERSION = 5.0;
				TARGETED_DEVICE_FAMILY = "1,2";
			};
			name = Debug;
		};
		F44ACB9F28F4143700628CA9 /* Release */ = {
			isa = XCBuildConfiguration;
			buildSettings = {
				ASSETCATALOG_COMPILER_APPICON_NAME = AppIcon;
				ASSETCATALOG_COMPILER_GLOBAL_ACCENT_COLOR_NAME = AccentColor;
				CODE_SIGN_STYLE = Automatic;
				CURRENT_PROJECT_VERSION = 1;
				DEVELOPMENT_TEAM = 5QX49B9H53;
				GENERATE_INFOPLIST_FILE = YES;
				INFOPLIST_FILE = SelfPsychologist/App/Info.plist;
				INFOPLIST_KEY_UIApplicationSupportsIndirectInputEvents = YES;
				INFOPLIST_KEY_UILaunchStoryboardName = LaunchScreen;
				INFOPLIST_KEY_UISupportedInterfaceOrientations_iPad = "UIInterfaceOrientationPortrait UIInterfaceOrientationPortraitUpsideDown UIInterfaceOrientationLandscapeLeft UIInterfaceOrientationLandscapeRight";
				INFOPLIST_KEY_UISupportedInterfaceOrientations_iPhone = "UIInterfaceOrientationPortrait UIInterfaceOrientationLandscapeLeft UIInterfaceOrientationLandscapeRight";
				LD_RUNPATH_SEARCH_PATHS = (
					"$(inherited)",
					"@executable_path/Frameworks",
				);
				MARKETING_VERSION = 1.0;
				PRODUCT_BUNDLE_IDENTIFIER = com.durovCompany.SelfPsychologist;
				PRODUCT_NAME = "$(TARGET_NAME)";
				SWIFT_EMIT_LOC_STRINGS = YES;
				SWIFT_VERSION = 5.0;
				TARGETED_DEVICE_FAMILY = "1,2";
			};
			name = Release;
		};
/* End XCBuildConfiguration section */

/* Begin XCConfigurationList section */
		F44ACB8128F4143600628CA9 /* Build configuration list for PBXProject "SelfPsychologist" */ = {
			isa = XCConfigurationList;
			buildConfigurations = (
				F44ACB9B28F4143700628CA9 /* Debug */,
				F44ACB9C28F4143700628CA9 /* Release */,
			);
			defaultConfigurationIsVisible = 0;
			defaultConfigurationName = Release;
		};
		F44ACB9D28F4143700628CA9 /* Build configuration list for PBXNativeTarget "SelfPsychologist" */ = {
			isa = XCConfigurationList;
			buildConfigurations = (
				F44ACB9E28F4143700628CA9 /* Debug */,
				F44ACB9F28F4143700628CA9 /* Release */,
			);
			defaultConfigurationIsVisible = 0;
			defaultConfigurationName = Release;
		};
/* End XCConfigurationList section */

/* Begin XCVersionGroup section */
		F44ACB9228F4143600628CA9 /* SelfPsychologist.xcdatamodeld */ = {
			isa = XCVersionGroup;
			children = (
				F44ACB9328F4143600628CA9 /* SelfPsychologist.xcdatamodel */,
			);
			currentVersion = F44ACB9328F4143600628CA9 /* SelfPsychologist.xcdatamodel */;
			path = SelfPsychologist.xcdatamodeld;
			sourceTree = "<group>";
			versionGroupType = wrapper.xcdatamodel;
		};
/* End XCVersionGroup section */
	};
	rootObject = F44ACB7E28F4143600628CA9 /* Project object */;
}
